<?xml version="1.0" encoding="utf-8"?>
<Project ToolsVersion="4.0" xmlns="http://schemas.microsoft.com/developer/msbuild/2003">
  <ItemGroup>
    <Filter Include="Source Files">
      <UniqueIdentifier>{4FC737F1-C7A5-4376-A066-2A32D752A2FF}</UniqueIdentifier>
      <Extensions>cpp;c;cc;cxx;def;odl;idl;hpj;bat;asm;asmx</Extensions>
    </Filter>
    <Filter Include="Header Files">
      <UniqueIdentifier>{93995380-89BD-4b04-88EB-625FBE52EBFB}</UniqueIdentifier>
      <Extensions>h;hh;hpp;hxx;hm;inl;inc;xsd</Extensions>
    </Filter>
    <Filter Include="Form Files">
      <UniqueIdentifier>{99349809-55BA-4b9d-BF79-8FDBB0286EB3}</UniqueIdentifier>
      <Extensions>ui</Extensions>
    </Filter>
    <Filter Include="Resource Files">
      <UniqueIdentifier>{D9D6E242-F8AF-46E4-B9FD-80ECBC20BA3E}</UniqueIdentifier>
      <Extensions>qrc;*</Extensions>
      <ParseFiles>false</ParseFiles>
    </Filter>
    <Filter Include="LuaWrapper">
      <UniqueIdentifier>{4bc86fb4-882a-4c4d-8fd4-5abe19b770a2}</UniqueIdentifier>
    </Filter>
    <Filter Include="VisionMoudle">
      <UniqueIdentifier>{d5a58472-7a44-4c07-9759-c59428e665ff}</UniqueIdentifier>
    </Filter>
    <Filter Include="Test">
      <UniqueIdentifier>{8a2eaa79-cc08-4d64-ad05-38109c5d23c8}</UniqueIdentifier>
    </Filter>
    <Filter Include="Lua">
      <UniqueIdentifier>{963509ec-5cd8-4437-afae-0f8ffb7f2e96}</UniqueIdentifier>
    </Filter>
    <Filter Include="LuaWrapper\Resource Files">
      <UniqueIdentifier>{D9D6E242-F8AF-46E4-B9FD-80ECBC20BA3E}</UniqueIdentifier>
      <Extensions>qrc;*</Extensions>
      <ParseFiles>false</ParseFiles>
    </Filter>
  </ItemGroup>
  <ItemGroup>
    <ClCompile Include="main.cpp">
      <Filter>Source Files</Filter>
    </ClCompile>
    <ClCompile Include="Entry.cpp">
      <Filter>Source Files</Filter>
    </ClCompile>
    <ClCompile Include="LuaWrapper\luawrapper.cpp">
      <Filter>LuaWrapper</Filter>
    </ClCompile>
    <ClCompile Include="lua\lapi.c">
      <Filter>Lua</Filter>
    </ClCompile>
    <ClCompile Include="lua\lauxlib.c">
      <Filter>Lua</Filter>
    </ClCompile>
    <ClCompile Include="lua\lbaselib.c">
      <Filter>Lua</Filter>
    </ClCompile>
    <ClCompile Include="lua\lbitlib.c">
      <Filter>Lua</Filter>
    </ClCompile>
    <ClCompile Include="lua\lcode.c">
      <Filter>Lua</Filter>
    </ClCompile>
    <ClCompile Include="lua\lcorolib.c">
      <Filter>Lua</Filter>
    </ClCompile>
    <ClCompile Include="lua\lctype.c">
      <Filter>Lua</Filter>
    </ClCompile>
    <ClCompile Include="lua\ldblib.c">
      <Filter>Lua</Filter>
    </ClCompile>
    <ClCompile Include="lua\ldebug.c">
      <Filter>Lua</Filter>
    </ClCompile>
    <ClCompile Include="lua\ldo.c">
      <Filter>Lua</Filter>
    </ClCompile>
    <ClCompile Include="lua\ldump.c">
      <Filter>Lua</Filter>
    </ClCompile>
    <ClCompile Include="lua\lfunc.c">
      <Filter>Lua</Filter>
    </ClCompile>
    <ClCompile Include="lua\lgc.c">
      <Filter>Lua</Filter>
    </ClCompile>
    <ClCompile Include="lua\linit.c">
      <Filter>Lua</Filter>
    </ClCompile>
    <ClCompile Include="lua\liolib.c">
      <Filter>Lua</Filter>
    </ClCompile>
    <ClCompile Include="lua\llex.c">
      <Filter>Lua</Filter>
    </ClCompile>
    <ClCompile Include="lua\lmathlib.c">
      <Filter>Lua</Filter>
    </ClCompile>
    <ClCompile Include="lua\lmem.c">
      <Filter>Lua</Filter>
    </ClCompile>
    <ClCompile Include="lua\loadlib.c">
      <Filter>Lua</Filter>
    </ClCompile>
    <ClCompile Include="lua\lobject.c">
      <Filter>Lua</Filter>
    </ClCompile>
    <ClCompile Include="lua\lopcodes.c">
      <Filter>Lua</Filter>
    </ClCompile>
    <ClCompile Include="lua\loslib.c">
      <Filter>Lua</Filter>
    </ClCompile>
    <ClCompile Include="lua\lparser.c">
      <Filter>Lua</Filter>
    </ClCompile>
    <ClCompile Include="lua\lstate.c">
      <Filter>Lua</Filter>
    </ClCompile>
    <ClCompile Include="lua\lstring.c">
      <Filter>Lua</Filter>
    </ClCompile>
    <ClCompile Include="lua\lstrlib.c">
      <Filter>Lua</Filter>
    </ClCompile>
    <ClCompile Include="lua\ltable.c">
      <Filter>Lua</Filter>
    </ClCompile>
    <ClCompile Include="lua\ltablib.c">
      <Filter>Lua</Filter>
    </ClCompile>
    <ClCompile Include="lua\ltm.c">
      <Filter>Lua</Filter>
    </ClCompile>
    <ClCompile Include="lua\lua.c">
      <Filter>Lua</Filter>
    </ClCompile>
    <ClCompile Include="lua\luac.c">
      <Filter>Lua</Filter>
    </ClCompile>
    <ClCompile Include="lua\lundump.c">
      <Filter>Lua</Filter>
    </ClCompile>
    <ClCompile Include="lua\lutf8lib.c">
      <Filter>Lua</Filter>
    </ClCompile>
    <ClCompile Include="lua\lvm.c">
      <Filter>Lua</Filter>
    </ClCompile>
    <ClCompile Include="lua\lzio.c">
      <Filter>Lua</Filter>
    </ClCompile>
    <ClCompile Include="ConsoleWindow.cpp">
      <Filter>Source Files</Filter>
    </ClCompile>
    <ClCompile Include="lua\redirect.cpp">
      <Filter>Lua</Filter>
    </ClCompile>
    <ClCompile Include="ScriptWindow.cpp">
      <Filter>Source Files</Filter>
    </ClCompile>
    <ClCompile Include="HighLighter.cpp">
      <Filter>Source Files</Filter>
    </ClCompile>
    <ClCompile Include="SourceMnger.cpp">
      <Filter>Source Files</Filter>
    </ClCompile>
    <ClCompile Include="VisionMoudle\mat_old.cpp">
      <Filter>VisionMoudle</Filter>
    </ClCompile>
    <ClCompile Include="VisionMoudle\MeiImg.cpp">
      <Filter>VisionMoudle</Filter>
    </ClCompile>
    <ClCompile Include="VisionMoudle\MoudleManager.cpp">
      <Filter>VisionMoudle</Filter>
    </ClCompile>
  </ItemGroup>
  <ItemGroup>
    <QtMoc Include="Entry.h">
      <Filter>Header Files</Filter>
    </QtMoc>
    <QtMoc Include="ConsoleWindow.h">
      <Filter>Header Files</Filter>
    </QtMoc>
    <QtMoc Include="lua\redirectCpp.h">
      <Filter>Lua</Filter>
    </QtMoc>
    <QtMoc Include="LuaWrapper\luawrapper.h">
      <Filter>LuaWrapper</Filter>
    </QtMoc>
    <QtMoc Include="ScriptWindow.h">
      <Filter>Header Files</Filter>
    </QtMoc>
    <QtMoc Include="HighLighter.h">
      <Filter>Header Files</Filter>
    </QtMoc>
    <QtMoc Include="SourceMnger.h">
      <Filter>Header Files</Filter>
    </QtMoc>
  </ItemGroup>
  <ItemGroup>
    <QtUic Include="Entry.ui">
      <Filter>Form Files</Filter>
    </QtUic>
  </ItemGroup>
  <ItemGroup>
    <QtRcc Include="Entry.qrc">
      <Filter>LuaWrapper\Resource Files</Filter>
    </QtRcc>
  </ItemGroup>
  <ItemGroup>
    <ClInclude Include="Test\ReadTest.h">
      <Filter>Test</Filter>
    </ClInclude>
    <ClInclude Include="lua\lapi.h">
      <Filter>Lua</Filter>
    </ClInclude>
    <ClInclude Include="lua\lauxlib.h">
      <Filter>Lua</Filter>
    </ClInclude>
    <ClInclude Include="lua\lcode.h">
      <Filter>Lua</Filter>
    </ClInclude>
    <ClInclude Include="lua\lctype.h">
      <Filter>Lua</Filter>
    </ClInclude>
    <ClInclude Include="lua\ldebug.h">
      <Filter>Lua</Filter>
    </ClInclude>
    <ClInclude Include="lua\ldo.h">
      <Filter>Lua</Filter>
    </ClInclude>
    <ClInclude Include="lua\lfunc.h">
      <Filter>Lua</Filter>
    </ClInclude>
    <ClInclude Include="lua\lgc.h">
      <Filter>Lua</Filter>
    </ClInclude>
    <ClInclude Include="lua\llex.h">
      <Filter>Lua</Filter>
    </ClInclude>
    <ClInclude Include="lua\llimits.h">
      <Filter>Lua</Filter>
    </ClInclude>
    <ClInclude Include="lua\lmem.h">
      <Filter>Lua</Filter>
    </ClInclude>
    <ClInclude Include="lua\lobject.h">
      <Filter>Lua</Filter>
    </ClInclude>
    <ClInclude Include="lua\lopcodes.h">
      <Filter>Lua</Filter>
    </ClInclude>
    <ClInclude Include="lua\lparser.h">
      <Filter>Lua</Filter>
    </ClInclude>
    <ClInclude Include="lua\lprefix.h">
      <Filter>Lua</Filter>
    </ClInclude>
    <ClInclude Include="lua\lstate.h">
      <Filter>Lua</Filter>
    </ClInclude>
    <ClInclude Include="lua\lstring.h">
      <Filter>Lua</Filter>
    </ClInclude>
    <ClInclude Include="lua\ltable.h">
      <Filter>Lua</Filter>
    </ClInclude>
    <ClInclude Include="lua\ltm.h">
      <Filter>Lua</Filter>
    </ClInclude>
    <ClInclude Include="lua\lua.h">
      <Filter>Lua</Filter>
    </ClInclude>
    <ClInclude Include="lua\lua.hpp">
      <Filter>Lua</Filter>
    </ClInclude>
    <ClInclude Include="lua\luaconf.h">
      <Filter>Lua</Filter>
    </ClInclude>
    <ClInclude Include="lua\lualib.h">
      <Filter>Lua</Filter>
    </ClInclude>
    <ClInclude Include="lua\lundump.h">
      <Filter>Lua</Filter>
    </ClInclude>
    <ClInclude Include="lua\lvm.h">
      <Filter>Lua</Filter>
    </ClInclude>
    <ClInclude Include="lua\lzio.h">
      <Filter>Lua</Filter>
    </ClInclude>
    <ClInclude Include="lua\redirect.h">
      <Filter>Lua</Filter>
    </ClInclude>
    <ClInclude Include="VisionMoudle\mat_old.h">
      <Filter>VisionMoudle</Filter>
    </ClInclude>
    <ClInclude Include="VisionMoudle\MeiImg.h">
      <Filter>VisionMoudle</Filter>
    </ClInclude>
    <ClInclude Include="VisionMoudle\MoudleManager.h">
      <Filter>VisionMoudle</Filter>
    </ClInclude>
  </ItemGroup>
</Project>